
Microsoft Visual Studio Solution File, Format Version 12.00
# Visual Studio 15
VisualStudioVersion = 15.0.26730.15
MinimumVisualStudioVersion = 10.0.40219.1
Project("{FAE04EC0-301F-11D3-BF4B-00C04F79EFBC}") = "TopGearApi", "TopGearApi\TopGearApi.csproj", "{B04EFCC6-CA07-47BF-BCE5-47C07198EFC8}"
EndProject
Project("{FAE04EC0-301F-11D3-BF4B-00C04F79EFBC}") = "TopGearApi.Tests", "TopGearApi.Tests\TopGearApi.Tests.csproj", "{CAF30AC1-F569-410B-8C0B-7A52679C48E1}"
EndProject
Global
	GlobalSection(SolutionConfigurationPlatforms) = preSolution
		Debug|Any CPU = Debug|Any CPU
		Release|Any CPU = Release|Any CPU
	EndGlobalSection
	GlobalSection(ProjectConfigurationPlatforms) = postSolution
		{B04EFCC6-CA07-47BF-BCE5-47C07198EFC8}.Debug|Any CPU.ActiveCfg = Debug|Any CPU
		{B04EFCC6-CA07-47BF-BCE5-47C07198EFC8}.Debug|Any CPU.Build.0 = Debug|Any CPU
		{B04EFCC6-CA07-47BF-BCE5-47C07198EFC8}.Release|Any CPU.ActiveCfg = Release|Any CPU
		{B04EFCC6-CA07-47BF-BCE5-47C07198EFC8}.Release|Any CPU.Build.0 = Release|Any CPU
		{CAF30AC1-F569-410B-8C0B-7A52679C48E1}.Debug|Any CPU.ActiveCfg = Debug|Any CPU
		{CAF30AC1-F569-410B-8C0B-7A52679C48E1}.Debug|Any CPU.Build.0 = Debug|Any CPU
		{CAF30AC1-F569-410B-8C0B-7A52679C48E1}.Release|Any CPU.ActiveCfg = Release|Any CPU
		{CAF30AC1-F569-410B-8C0B-7A52679C48E1}.Release|Any CPU.Build.0 = Release|Any CPU
	EndGlobalSection
	GlobalSection(SolutionProperties) = preSolution
		HideSolutionNode = FALSE
	EndGlobalSection
	GlobalSection(ExtensibilityGlobals) = postSolution
		SolutionGuid = {45643380-9C53-412E-A226-C06F06AC5FE2}
	EndGlobalSection
EndGlobal
